// !$*UTF8*$!
{
	archiveVersion = 1;
	classes = {
	};
	objectVersion = 50;
	objects = {

/* Begin PBXBuildFile section */
		211D0D87234DCD05008E3BCD /* AppDelegate.swift in Sources */ = {isa = PBXBuildFile; fileRef = 211D0D86234DCD05008E3BCD /* AppDelegate.swift */; };
		211D0D89234DCD05008E3BCD /* SceneDelegate.swift in Sources */ = {isa = PBXBuildFile; fileRef = 211D0D88234DCD05008E3BCD /* SceneDelegate.swift */; };
		211D0D8B234DCD05008E3BCD /* ViewController.swift in Sources */ = {isa = PBXBuildFile; fileRef = 211D0D8A234DCD05008E3BCD /* ViewController.swift */; };
		211D0D8E234DCD05008E3BCD /* Main.storyboard in Resources */ = {isa = PBXBuildFile; fileRef = 211D0D8C234DCD05008E3BCD /* Main.storyboard */; };
		211D0D90234DCD06008E3BCD /* Assets.xcassets in Resources */ = {isa = PBXBuildFile; fileRef = 211D0D8F234DCD06008E3BCD /* Assets.xcassets */; };
		211D0D93234DCD06008E3BCD /* LaunchScreen.storyboard in Resources */ = {isa = PBXBuildFile; fileRef = 211D0D91234DCD06008E3BCD /* LaunchScreen.storyboard */; };
/* End PBXBuildFile section */

/* Begin PBXFileReference section */
		211D0D83234DCD05008E3BCD /* sign-in-with-apple-ios-demo.app */ = {isa = PBXFileReference; explicitFileType = wrapper.application; includeInIndex = 0; path = "sign-in-with-apple-ios-demo.app"; sourceTree = BUILT_PRODUCTS_DIR; };
		211D0D86234DCD05008E3BCD /* AppDelegate.swift */ = {isa = PBXFileReference; lastKnownFileType = sourcecode.swift; path = AppDelegate.swift; sourceTree = "<group>"; };
		211D0D88234DCD05008E3BCD /* SceneDelegate.swift */ = {isa = PBXFileReference; lastKnownFileType = sourcecode.swift; path = SceneDelegate.swift; sourceTree = "<group>"; };
		211D0D8A234DCD05008E3BCD /* ViewController.swift */ = {isa = PBXFileReference; lastKnownFileType = sourcecode.swift; path = ViewController.swift; sourceTree = "<group>"; };
		211D0D8D234DCD05008E3BCD /* Base */ = {isa = PBXFileReference; lastKnownFileType = file.storyboard; name = Base; path = Base.lproj/Main.storyboard; sourceTree = "<group>"; };
		211D0D8F234DCD06008E3BCD /* Assets.xcassets */ = {isa = PBXFileReference; lastKnownFileType = folder.assetcatalog; path = Assets.xcassets; sourceTree = "<group>"; };
		211D0D92234DCD06008E3BCD /* Base */ = {isa = PBXFileReference; lastKnownFileType = file.storyboard; name = Base; path = Base.lproj/LaunchScreen.storyboard; sourceTree = "<group>"; };
		211D0D94234DCD06008E3BCD /* Info.plist */ = {isa = PBXFileReference; lastKnownFileType = text.plist.xml; path = Info.plist; sourceTree = "<group>"; };
		21B0EB25234F734D00B502F2 /* sign-in-with-apple-ios-demo.entitlements */ = {isa = PBXFileReference; lastKnownFileType = text.plist.entitlements; path = "sign-in-with-apple-ios-demo.entitlements"; sourceTree = "<group>"; };
/* End PBXFileReference section */

/* Begin PBXFrameworksBuildPhase section */
		211D0D80234DCD05008E3BCD /* Frameworks */ = {
			isa = PBXFrameworksBuildPhase;
			buildActionMask = 2147483647;
			files = (
			);
			runOnlyForDeploymentPostprocessing = 0;
		};
/* End PBXFrameworksBuildPhase section */

/* Begin PBXGroup section */
		211D0D7A234DCD05008E3BCD = {
			isa = PBXGroup;
			children = (
				211D0D85234DCD05008E3BCD /* sign-in-with-apple-ios-demo */,
				211D0D84234DCD05008E3BCD /* Products */,
			);
			sourceTree = "<group>";
		};
		211D0D84234DCD05008E3BCD /* Products */ = {
			isa = PBXGroup;
			children = (
				211D0D83234DCD05008E3BCD /* sign-in-with-apple-ios-demo.app */,
			);
			name = Products;
			sourceTree = "<group>";
		};
		211D0D85234DCD05008E3BCD /* sign-in-with-apple-ios-demo */ = {
			isa = PBXGroup;
			children = (
				21B0EB25234F734D00B502F2 /* sign-in-with-apple-ios-demo.entitlements */,
				211D0D86234DCD05008E3BCD /* AppDelegate.swift */,
				211D0D88234DCD05008E3BCD /* SceneDelegate.swift */,
				211D0D8A234DCD05008E3BCD /* ViewController.swift */,
				211D0D8C234DCD05008E3BCD /* Main.storyboard */,
				211D0D8F234DCD06008E3BCD /* Assets.xcassets */,
				211D0D91234DCD06008E3BCD /* LaunchScreen.storyboard */,
				211D0D94234DCD06008E3BCD /* Info.plist */,
			);
			path = "sign-in-with-apple-ios-demo";
			sourceTree = "<group>";
		};
/* End PBXGroup section */

/* Begin PBXNativeTarget section */
		211D0D82234DCD05008E3BCD /* sign-in-with-apple-ios-demo */ = {
			isa = PBXNativeTarget;
			buildConfigurationList = 211D0D97234DCD06008E3BCD /* Build configuration list for PBXNativeTarget "sign-in-with-apple-ios-demo" */;
			buildPhases = (
				211D0D7F234DCD05008E3BCD /* Sources */,
				211D0D80234DCD05008E3BCD /* Frameworks */,
				211D0D81234DCD05008E3BCD /* Resources */,
			);
			buildRules = (
			);
			dependencies = (
			);
			name = "sign-in-with-apple-ios-demo";
			productName = "sign-in-with-apple-ios-demo";
			productReference = 211D0D83234DCD05008E3BCD /* sign-in-with-apple-ios-demo.app */;
			productType = "com.apple.product-type.application";
		};
/* End PBXNativeTarget section */

/* Begin PBXProject section */
		211D0D7B234DCD05008E3BCD /* Project object */ = {
			isa = PBXProject;
			attributes = {
				LastSwiftUpdateCheck = 1100;
				LastUpgradeCheck = 1100;
				ORGANIZATIONNAME = "Truffls GmbH";
				TargetAttributes = {
					211D0D82234DCD05008E3BCD = {
						CreatedOnToolsVersion = 11.0;
					};
				};
			};
			buildConfigurationList = 211D0D7E234DCD05008E3BCD /* Build configuration list for PBXProject "sign-in-with-apple-ios-demo" */;
			compatibilityVersion = "Xcode 9.3";
			developmentRegion = en;
			hasScannedForEncodings = 0;
			knownRegions = (
				en,
				Base,
			);
			mainGroup = 211D0D7A234DCD05008E3BCD;
			productRefGroup = 211D0D84234DCD05008E3BCD /* Products */;
			projectDirPath = "";
			projectRoot = "";
			targets = (
				211D0D82234DCD05008E3BCD /* sign-in-with-apple-ios-demo */,
			);
		};
/* End PBXProject section */

/* Begin PBXResourcesBuildPhase section */
		211D0D81234DCD05008E3BCD /* Resources */ = {
			isa = PBXResourcesBuildPhase;
			buildActionMask = 2147483647;
			files = (
				211D0D93234DCD06008E3BCD /* LaunchScreen.storyboard in Resources */,
				211D0D90234DCD06008E3BCD /* Assets.xcassets in Resources */,
				211D0D8E234DCD05008E3BCD /* Main.storyboard in Resources */,
			);
			runOnlyForDeploymentPostprocessing = 0;
		};
/* End PBXResourcesBuildPhase section */

/* Begin PBXSourcesBuildPhase section */
		211D0D7F234DCD05008E3BCD /* Sources */ = {
			isa = PBXSourcesBuildPhase;
			buildActionMask = 2147483647;
			files = (
				211D0D8B234DCD05008E3BCD /* ViewController.swift in Sources */,
				211D0D87234DCD05008E3BCD /* AppDelegate.swift in Sources */,
				211D0D89234DCD05008E3BCD /* SceneDelegate.swift in Sources */,
			);
			runOnlyForDeploymentPostprocessing = 0;
		};
/* End PBXSourcesBuildPhase section */

/* Begin PBXVariantGroup section */
		211D0D8C234DCD05008E3BCD /* Main.storyboard */ = {
			isa = PBXVariantGroup;
			children = (
				211D0D8D234DCD05008E3BCD /* Base */,
			);
			name = Main.storyboard;
			sourceTree = "<group>";
		};
		211D0D91234DCD06008E3BCD /* LaunchScreen.storyboard */ = {
			isa = PBXVariantGroup;
			children = (
				211D0D92234DCD06008E3BCD /* Base */,
			);
			name = LaunchScreen.storyboard;
			sourceTree = "<group>";
		};
/* End PBXVariantGroup section */

/* Begin XCBuildConfiguration section */
		211D0D95234DCD06008E3BCD /* Debug */ = {
			isa = XCBuildConfiguration;
			buildSettings = {
				ALWAYS_SEARCH_USER_PATHS = NO;
				CLANG_ANALYZER_NONNULL = YES;
				CLANG_ANALYZER_NUMBER_OBJECT_CONVERSION = YES_AGGRESSIVE;
				CLANG_CXX_LANGUAGE_STANDARD = "gnu++14";
				CLANG_CXX_LIBRARY = "libc++";
				CLANG_ENABLE_MODULES = YES;
				CLANG_ENABLE_OBJC_ARC = YES;
				CLANG_ENABLE_OBJC_WEAK = YES;
				CLANG_WARN_BLOCK_CAPTURE_AUTORELEASING = YES;
				CLANG_WARN_BOOL_CONVERSION = YES;
				CLANG_WARN_COMMA = YES;
				CLANG_WARN_CONSTANT_CONVERSION = YES;
				CLANG_WARN_DEPRECATED_OBJC_IMPLEMENTATIONS = YES;
				CLANG_WARN_DIRECT_OBJC_ISA_USAGE = YES_ERROR;
				CLANG_WARN_DOCUMENTATION_COMMENTS = YES;
				CLANG_WARN_EMPTY_BODY = YES;
				CLANG_WARN_ENUM_CONVERSION = YES;
				CLANG_WARN_INFINITE_RECURSION = YES;
				CLANG_WARN_INT_CONVERSION = YES;
				CLANG_WARN_NON_LITERAL_NULL_CONVERSION = YES;
				CLANG_WARN_OBJC_IMPLICIT_RETAIN_SELF = YES;
				CLANG_WARN_OBJC_LITERAL_CONVERSION = YES;
				CLANG_WARN_OBJC_ROOT_CLASS = YES_ERROR;
				CLANG_WARN_RANGE_LOOP_ANALYSIS = YES;
				CLANG_WARN_STRICT_PROTOTYPES = YES;
				CLANG_WARN_SUSPICIOUS_MOVE = YES;
				CLANG_WARN_UNGUARDED_AVAILABILITY = YES_AGGRESSIVE;
				CLANG_WARN_UNREACHABLE_CODE = YES;
				CLANG_WARN__DUPLICATE_METHOD_MATCH = YES;
				COPY_PHASE_STRIP = NO;
				DEBUG_INFORMATION_FORMAT = dwarf;
				ENABLE_STRICT_OBJC_MSGSEND = YES;
				ENABLE_TESTABILITY = YES;
				GCC_C_LANGUAGE_STANDARD = gnu11;
				GCC_DYNAMIC_NO_PIC = NO;
				GCC_NO_COMMON_BLOCKS = YES;
				GCC_OPTIMIZATION_LEVEL = 0;
				GCC_PREPROCESSOR_DEFINITIONS = (
					"DEBUG=1",
					"$(inherited)",
				);
				GCC_WARN_64_TO_32_BIT_CONVERSION = YES;
				GCC_WARN_ABOUT_RETURN_TYPE = YES_ERROR;
				GCC_WARN_UNDECLARED_SELECTOR = YES;
				GCC_WARN_UNINITIALIZED_AUTOS = YES_AGGRESSIVE;
				GCC_WARN_UNUSED_FUNCTION = YES;
				GCC_WARN_UNUSED_VARIABLE = YES;
				IPHONEOS_DEPLOYMENT_TARGET = 13.0;
				MTL_ENABLE_DEBUG_INFO = INCLUDE_SOURCE;
				MTL_FAST_MATH = YES;
				ONLY_ACTIVE_ARCH = YES;
				SDKROOT = iphoneos;
				SWIFT_ACTIVE_COMPILATION_CONDITIONS = DEBUG;
				SWIFT_OPTIMIZATION_LEVEL = "-Onone";
			};
			name = Debug;
		};
		211D0D96234DCD06008E3BCD /* Release */ = {
			isa = XCBuildConfiguration;
			buildSettings = {
				ALWAYS_SEARCH_USER_PATHS = NO;
				CLANG_ANALYZER_NONNULL = YES;
				CLANG_ANALYZER_NUMBER_OBJECT_CONVERSION = YES_AGGRESSIVE;
				CLANG_CXX_LANGUAGE_STANDARD = "gnu++14";
				CLANG_CXX_LIBRARY = "libc++";
				CLANG_ENABLE_MODULES = YES;
				CLANG_ENABLE_OBJC_ARC = YES;
				CLANG_ENABLE_OBJC_WEAK = YES;
				CLANG_WARN_BLOCK_CAPTURE_AUTORELEASING = YES;
				CLANG_WARN_BOOL_CONVERSION = YES;
				CLANG_WARN_COMMA = YES;
				CLANG_WARN_CONSTANT_CONVERSION = YES;
				CLANG_WARN_DEPRECATED_OBJC_IMPLEMENTATIONS = YES;
				CLANG_WARN_DIRECT_OBJC_ISA_USAGE = YES_ERROR;
				CLANG_WARN_DOCUMENTATION_COMMENTS = YES;
				CLANG_WARN_EMPTY_BODY = YES;
				CLANG_WARN_ENUM_CONVERSION = YES;
				CLANG_WARN_INFINITE_RECURSION = YES;
				CLANG_WARN_INT_CONVERSION = YES;
				CLANG_WARN_NON_LITERAL_NULL_CONVERSION = YES;
				CLANG_WARN_OBJC_IMPLICIT_RETAIN_SELF = YES;
				CLANG_WARN_OBJC_LITERAL_CONVERSION = YES;
				CLANG_WARN_OBJC_ROOT_CLASS = YES_ERROR;
				CLANG_WARN_RANGE_LOOP_ANALYSIS = YES;
				CLANG_WARN_STRICT_PROTOTYPES = YES;
				CLANG_WARN_SUSPICIOUS_MOVE = YES;
				CLANG_WARN_UNGUARDED_AVAILABILITY = YES_AGGRESSIVE;
				CLANG_WARN_UNREACHABLE_CODE = YES;
				CLANG_WARN__DUPLICATE_METHOD_MATCH = YES;
				COPY_PHASE_STRIP = NO;
				DEBUG_INFORMATION_FORMAT = "dwarf-with-dsym";
				ENABLE_NS_ASSERTIONS = NO;
				ENABLE_STRICT_OBJC_MSGSEND = YES;
				GCC_C_LANGUAGE_STANDARD = gnu11;
				GCC_NO_COMMON_BLOCKS = YES;
				GCC_WARN_64_TO_32_BIT_CONVERSION = YES;
				GCC_WARN_ABOUT_RETURN_TYPE = YES_ERROR;
				GCC_WARN_UNDECLARED_SELECTOR = YES;
				GCC_WARN_UNINITIALIZED_AUTOS = YES_AGGRESSIVE;
				GCC_WARN_UNUSED_FUNCTION = YES;
				GCC_WARN_UNUSED_VARIABLE = YES;
				IPHONEOS_DEPLOYMENT_TARGET = 13.0;
				MTL_ENABLE_DEBUG_INFO = NO;
				MTL_FAST_MATH = YES;
				SDKROOT = iphoneos;
				SWIFT_COMPILATION_MODE = wholemodule;
				SWIFT_OPTIMIZATION_LEVEL = "-O";
				VALIDATE_PRODUCT = YES;
			};
			name = Release;
		};
		211D0D98234DCD06008E3BCD /* Debug */ = {
			isa = XCBuildConfiguration;
			buildSettings = {
				ASSETCATALOG_COMPILER_APPICON_NAME = AppIcon;
				CODE_SIGN_ENTITLEMENTS = "sign-in-with-apple-ios-demo/sign-in-with-apple-ios-demo.entitlements";
				CODE_SIGN_STYLE = Automatic;
				DEVELOPMENT_TEAM = "";
				INFOPLIST_FILE = "sign-in-with-apple-ios-demo/Info.plist";
				LD_RUNPATH_SEARCH_PATHS = (
					"$(inherited)",
					"@executable_path/Frameworks",
				);
				PRODUCT_BUNDLE_IDENTIFIER = "de.truffls.sign-in-with-apple-ios-demo";
				PRODUCT_NAME = "$(TARGET_NAME)";
				SWIFT_VERSION = 5.0;
				TARGETED_DEVICE_FAMILY = "1,2";
			};
			name = Debug;
		};
		211D0D99234DCD06008E3BCD /* Release */ = {
			isa = XCBuildConfiguration;
			buildSettings = {
				ASSETCATALOG_COMPILER_APPICON_NAME = AppIcon;
				CODE_SIGN_ENTITLEMENTS = "sign-in-with-apple-ios-demo/sign-in-with-apple-ios-demo.entitlements";
				CODE_SIGN_STYLE = Automatic;
				DEVELOPMENT_TEAM = "";
				INFOPLIST_FILE = "sign-in-with-apple-ios-demo/Info.plist";
				LD_RUNPATH_SEARCH_PATHS = (
					"$(inherited)",
					"@executable_path/Frameworks",
				);
				PRODUCT_BUNDLE_IDENTIFIER = "de.truffls.sign-in-with-apple-ios-demo";
				PRODUCT_NAME = "$(TARGET_NAME)";
				SWIFT_VERSION = 5.0;
				TARGETED_DEVICE_FAMILY = "1,2";
			};
			name = Release;
		};
/* End XCBuildConfiguration section */

/* Begin XCConfigurationList section */
		211D0D7E234DCD05008E3BCD /* Build configuration list for PBXProject "sign-in-with-apple-ios-demo" */ = {
			isa = XCConfigurationList;
			buildConfigurations = (
				211D0D95234DCD06008E3BCD /* Debug */,
				211D0D96234DCD06008E3BCD /* Release */,
			);
			defaultConfigurationIsVisible = 0;
			defaultConfigurationName = Release;
		};
		211D0D97234DCD06008E3BCD /* Build configuration list for PBXNativeTarget "sign-in-with-apple-ios-demo" */ = {
			isa = XCConfigurationList;
			buildConfigurations = (
				211D0D98234DCD06008E3BCD /* Debug */,
				211D0D99234DCD06008E3BCD /* Release */,
			);
			defaultConfigurationIsVisible = 0;
			defaultConfigurationName = Release;
		};
/* End XCConfigurationList section */
	};
	rootObject = 211D0D7B234DCD05008E3BCD /* Project object */;
}
